// !$*UTF8*$!
{
	archiveVersion = 1;
	classes = {
	};
	objectVersion = 56;
	objects = {

/* Begin PBXBuildFile section */
		F002757F29CCD13900756631 /* CalculadoraViewModel.swift in Sources */ = {isa = PBXBuildFile; fileRef = F002757E29CCD13900756631 /* CalculadoraViewModel.swift */; };
		F002758129CCD53D00756631 /* TextFieldConfig + Extension.swift in Sources */ = {isa = PBXBuildFile; fileRef = F002758029CCD53D00756631 /* TextFieldConfig + Extension.swift */; };
		F002758329CCDDD400756631 /* Constraints + Extension.swift in Sources */ = {isa = PBXBuildFile; fileRef = F002758229CCDDD400756631 /* Constraints + Extension.swift */; };
		F002758B29D1B9E100756631 /* TarefasScreen.swift in Sources */ = {isa = PBXBuildFile; fileRef = F002758A29D1B9E100756631 /* TarefasScreen.swift */; };
		F002758D29D1B9EE00756631 /* TarefasViewModel.swift in Sources */ = {isa = PBXBuildFile; fileRef = F002758C29D1B9EE00756631 /* TarefasViewModel.swift */; };
		F002758F29D1BA8400756631 /* TarefasVC.swift in Sources */ = {isa = PBXBuildFile; fileRef = F002758E29D1BA8400756631 /* TarefasVC.swift */; };
		F002759429D1C54F00756631 /* TableView + Extension.swift in Sources */ = {isa = PBXBuildFile; fileRef = F002759329D1C54F00756631 /* TableView + Extension.swift */; };
		F009C47D29D2FECE00590291 /* AgendaScreen.swift in Sources */ = {isa = PBXBuildFile; fileRef = F009C47C29D2FECE00590291 /* AgendaScreen.swift */; };
		F009C47F29D2FEF200590291 /* AgendaVC.swift in Sources */ = {isa = PBXBuildFile; fileRef = F009C47E29D2FEF200590291 /* AgendaVC.swift */; };
		F009C48329D345B500590291 /* AgendaTableViewCell.swift in Sources */ = {isa = PBXBuildFile; fileRef = F009C48229D345B500590291 /* AgendaTableViewCell.swift */; };
		F009C48629D369EC00590291 /* AgendaViewModel.swift in Sources */ = {isa = PBXBuildFile; fileRef = F009C48529D369EC00590291 /* AgendaViewModel.swift */; };
		F038B96D29CB2E41002E54D2 /* HomeScreen.swift in Sources */ = {isa = PBXBuildFile; fileRef = F038B96C29CB2E41002E54D2 /* HomeScreen.swift */; };
		F038B97429CB31AB002E54D2 /* HomeViewModel.swift in Sources */ = {isa = PBXBuildFile; fileRef = F038B97329CB31AB002E54D2 /* HomeViewModel.swift */; };
		F038B97B29CB638F002E54D2 /* Bakcground + Extension.swift in Sources */ = {isa = PBXBuildFile; fileRef = F038B97A29CB638F002E54D2 /* Bakcground + Extension.swift */; };
		F038B97D29CB6495002E54D2 /* LabelConfig + Extension.swift in Sources */ = {isa = PBXBuildFile; fileRef = F038B97C29CB6495002E54D2 /* LabelConfig + Extension.swift */; };
		F038B97F29CB66A9002E54D2 /* ButtonConfig + Extension.swift in Sources */ = {isa = PBXBuildFile; fileRef = F038B97E29CB66A9002E54D2 /* ButtonConfig + Extension.swift */; };
		F038B98529CB741B002E54D2 /* CalculadoraHomeVC.swift in Sources */ = {isa = PBXBuildFile; fileRef = F038B98429CB741B002E54D2 /* CalculadoraHomeVC.swift */; };
		F038B98729CB7430002E54D2 /* CalculadoraHomeScreen.swift in Sources */ = {isa = PBXBuildFile; fileRef = F038B98629CB7430002E54D2 /* CalculadoraHomeScreen.swift */; };
		F03B76CF29CB2A51007D79D7 /* AppDelegate.swift in Sources */ = {isa = PBXBuildFile; fileRef = F03B76CE29CB2A51007D79D7 /* AppDelegate.swift */; };
		F03B76D129CB2A51007D79D7 /* SceneDelegate.swift in Sources */ = {isa = PBXBuildFile; fileRef = F03B76D029CB2A51007D79D7 /* SceneDelegate.swift */; };
		F03B76D329CB2A51007D79D7 /* HomeVC.swift in Sources */ = {isa = PBXBuildFile; fileRef = F03B76D229CB2A51007D79D7 /* HomeVC.swift */; };
		F03B76D829CB2A53007D79D7 /* Assets.xcassets in Resources */ = {isa = PBXBuildFile; fileRef = F03B76D729CB2A53007D79D7 /* Assets.xcassets */; };
		F03B76DB29CB2A53007D79D7 /* LaunchScreen.storyboard in Resources */ = {isa = PBXBuildFile; fileRef = F03B76D929CB2A53007D79D7 /* LaunchScreen.storyboard */; };
		F08CD05A29E7137F000B739A /* Tarefas2ViewController.swift in Sources */ = {isa = PBXBuildFile; fileRef = F08CD05929E7137F000B739A /* Tarefas2ViewController.swift */; };
		F08CD05C29E71392000B739A /* Tarefas2Screen.swift in Sources */ = {isa = PBXBuildFile; fileRef = F08CD05B29E71392000B739A /* Tarefas2Screen.swift */; };
		F08CD05E29E713A7000B739A /* Tarefas2ViewModel.swift in Sources */ = {isa = PBXBuildFile; fileRef = F08CD05D29E713A7000B739A /* Tarefas2ViewModel.swift */; };
		F08CD06029E72156000B739A /* Passo a passo View Controller.txt in Resources */ = {isa = PBXBuildFile; fileRef = F08CD05F29E72156000B739A /* Passo a passo View Controller.txt */; };
		F0E40DE829E5ECA30085ACDC /* TarefasTableViewCell.swift in Sources */ = {isa = PBXBuildFile; fileRef = F0E40DE729E5ECA30085ACDC /* TarefasTableViewCell.swift */; };
/* End PBXBuildFile section */

/* Begin PBXFileReference section */
		F002757E29CCD13900756631 /* CalculadoraViewModel.swift */ = {isa = PBXFileReference; lastKnownFileType = sourcecode.swift; path = CalculadoraViewModel.swift; sourceTree = "<group>"; };
		F002758029CCD53D00756631 /* TextFieldConfig + Extension.swift */ = {isa = PBXFileReference; lastKnownFileType = sourcecode.swift; path = "TextFieldConfig + Extension.swift"; sourceTree = "<group>"; };
		F002758229CCDDD400756631 /* Constraints + Extension.swift */ = {isa = PBXFileReference; lastKnownFileType = sourcecode.swift; path = "Constraints + Extension.swift"; sourceTree = "<group>"; };
		F002758A29D1B9E100756631 /* TarefasScreen.swift */ = {isa = PBXFileReference; lastKnownFileType = sourcecode.swift; path = TarefasScreen.swift; sourceTree = "<group>"; };
		F002758C29D1B9EE00756631 /* TarefasViewModel.swift */ = {isa = PBXFileReference; lastKnownFileType = sourcecode.swift; path = TarefasViewModel.swift; sourceTree = "<group>"; };
		F002758E29D1BA8400756631 /* TarefasVC.swift */ = {isa = PBXFileReference; lastKnownFileType = sourcecode.swift; path = TarefasVC.swift; sourceTree = "<group>"; };
		F002759329D1C54F00756631 /* TableView + Extension.swift */ = {isa = PBXFileReference; lastKnownFileType = sourcecode.swift; path = "TableView + Extension.swift"; sourceTree = "<group>"; };
		F009C47C29D2FECE00590291 /* AgendaScreen.swift */ = {isa = PBXFileReference; lastKnownFileType = sourcecode.swift; path = AgendaScreen.swift; sourceTree = "<group>"; };
		F009C47E29D2FEF200590291 /* AgendaVC.swift */ = {isa = PBXFileReference; lastKnownFileType = sourcecode.swift; path = AgendaVC.swift; sourceTree = "<group>"; };
		F009C48229D345B500590291 /* AgendaTableViewCell.swift */ = {isa = PBXFileReference; lastKnownFileType = sourcecode.swift; path = AgendaTableViewCell.swift; sourceTree = "<group>"; };
		F009C48529D369EC00590291 /* AgendaViewModel.swift */ = {isa = PBXFileReference; lastKnownFileType = sourcecode.swift; path = AgendaViewModel.swift; sourceTree = "<group>"; };
		F038B96C29CB2E41002E54D2 /* HomeScreen.swift */ = {isa = PBXFileReference; lastKnownFileType = sourcecode.swift; path = HomeScreen.swift; sourceTree = "<group>"; };
		F038B97329CB31AB002E54D2 /* HomeViewModel.swift */ = {isa = PBXFileReference; lastKnownFileType = sourcecode.swift; path = HomeViewModel.swift; sourceTree = "<group>"; };
		F038B97A29CB638F002E54D2 /* Bakcground + Extension.swift */ = {isa = PBXFileReference; lastKnownFileType = sourcecode.swift; path = "Bakcground + Extension.swift"; sourceTree = "<group>"; };
		F038B97C29CB6495002E54D2 /* LabelConfig + Extension.swift */ = {isa = PBXFileReference; lastKnownFileType = sourcecode.swift; path = "LabelConfig + Extension.swift"; sourceTree = "<group>"; };
		F038B97E29CB66A9002E54D2 /* ButtonConfig + Extension.swift */ = {isa = PBXFileReference; lastKnownFileType = sourcecode.swift; path = "ButtonConfig + Extension.swift"; sourceTree = "<group>"; };
		F038B98429CB741B002E54D2 /* CalculadoraHomeVC.swift */ = {isa = PBXFileReference; lastKnownFileType = sourcecode.swift; path = CalculadoraHomeVC.swift; sourceTree = "<group>"; };
		F038B98629CB7430002E54D2 /* CalculadoraHomeScreen.swift */ = {isa = PBXFileReference; lastKnownFileType = sourcecode.swift; path = CalculadoraHomeScreen.swift; sourceTree = "<group>"; };
		F03B76CB29CB2A51007D79D7 /* Exercicio-View-Code.app */ = {isa = PBXFileReference; explicitFileType = wrapper.application; includeInIndex = 0; path = "Exercicio-View-Code.app"; sourceTree = BUILT_PRODUCTS_DIR; };
		F03B76CE29CB2A51007D79D7 /* AppDelegate.swift */ = {isa = PBXFileReference; lastKnownFileType = sourcecode.swift; path = AppDelegate.swift; sourceTree = "<group>"; };
		F03B76D029CB2A51007D79D7 /* SceneDelegate.swift */ = {isa = PBXFileReference; lastKnownFileType = sourcecode.swift; path = SceneDelegate.swift; sourceTree = "<group>"; };
		F03B76D229CB2A51007D79D7 /* HomeVC.swift */ = {isa = PBXFileReference; lastKnownFileType = sourcecode.swift; path = HomeVC.swift; sourceTree = "<group>"; };
		F03B76D729CB2A53007D79D7 /* Assets.xcassets */ = {isa = PBXFileReference; lastKnownFileType = folder.assetcatalog; path = Assets.xcassets; sourceTree = "<group>"; };
		F03B76DA29CB2A53007D79D7 /* Base */ = {isa = PBXFileReference; lastKnownFileType = file.storyboard; name = Base; path = Base.lproj/LaunchScreen.storyboard; sourceTree = "<group>"; };
		F03B76DC29CB2A53007D79D7 /* Info.plist */ = {isa = PBXFileReference; lastKnownFileType = text.plist.xml; path = Info.plist; sourceTree = "<group>"; };
		F08CD05929E7137F000B739A /* Tarefas2ViewController.swift */ = {isa = PBXFileReference; lastKnownFileType = sourcecode.swift; path = Tarefas2ViewController.swift; sourceTree = "<group>"; };
		F08CD05B29E71392000B739A /* Tarefas2Screen.swift */ = {isa = PBXFileReference; lastKnownFileType = sourcecode.swift; path = Tarefas2Screen.swift; sourceTree = "<group>"; };
		F08CD05D29E713A7000B739A /* Tarefas2ViewModel.swift */ = {isa = PBXFileReference; lastKnownFileType = sourcecode.swift; path = Tarefas2ViewModel.swift; sourceTree = "<group>"; };
		F08CD05F29E72156000B739A /* Passo a passo View Controller.txt */ = {isa = PBXFileReference; lastKnownFileType = text; path = "Passo a passo View Controller.txt"; sourceTree = "<group>"; };
		F0E40DE729E5ECA30085ACDC /* TarefasTableViewCell.swift */ = {isa = PBXFileReference; lastKnownFileType = sourcecode.swift; path = TarefasTableViewCell.swift; sourceTree = "<group>"; };
/* End PBXFileReference section */

/* Begin PBXFrameworksBuildPhase section */
		F03B76C829CB2A51007D79D7 /* Frameworks */ = {
			isa = PBXFrameworksBuildPhase;
			buildActionMask = 2147483647;
			files = (
			);
			runOnlyForDeploymentPostprocessing = 0;
		};
/* End PBXFrameworksBuildPhase section */

/* Begin PBXGroup section */
		F002758429D1AF4A00756631 /* Tarefas */ = {
			isa = PBXGroup;
			children = (
				F002758729D1B8E700756631 /* TarefasVC */,
				F002758629D1B8E500756631 /* TarefasScreen */,
				F002758529D1B8E200756631 /* TarefasViewModel */,
			);
			path = Tarefas;
			sourceTree = "<group>";
		};
		F002758529D1B8E200756631 /* TarefasViewModel */ = {
			isa = PBXGroup;
			children = (
				F002758C29D1B9EE00756631 /* TarefasViewModel.swift */,
			);
			path = TarefasViewModel;
			sourceTree = "<group>";
		};
		F002758629D1B8E500756631 /* TarefasScreen */ = {
			isa = PBXGroup;
			children = (
				F0E40DE629E5EC650085ACDC /* TableViewCell */,
				F002758A29D1B9E100756631 /* TarefasScreen.swift */,
			);
			path = TarefasScreen;
			sourceTree = "<group>";
		};
		F002758729D1B8E700756631 /* TarefasVC */ = {
			isa = PBXGroup;
			children = (
				F002758E29D1BA8400756631 /* TarefasVC.swift */,
			);
			path = TarefasVC;
			sourceTree = "<group>";
		};
		F009C47929D2FE8D00590291 /* Agenda */ = {
			isa = PBXGroup;
			children = (
				F009C48029D3452800590291 /* TableView */,
				F009C47B29D2FEA800590291 /* AgendaVC */,
				F009C48429D369C300590291 /* AgendaViewModel */,
				F009C47A29D2FE9C00590291 /* AgendaScreen */,
			);
			path = Agenda;
			sourceTree = "<group>";
		};
		F009C47A29D2FE9C00590291 /* AgendaScreen */ = {
			isa = PBXGroup;
			children = (
				F009C47C29D2FECE00590291 /* AgendaScreen.swift */,
			);
			path = AgendaScreen;
			sourceTree = "<group>";
		};
		F009C47B29D2FEA800590291 /* AgendaVC */ = {
			isa = PBXGroup;
			children = (
				F009C47E29D2FEF200590291 /* AgendaVC.swift */,
			);
			path = AgendaVC;
			sourceTree = "<group>";
		};
		F009C48029D3452800590291 /* TableView */ = {
			isa = PBXGroup;
			children = (
				F009C48129D3453200590291 /* TableViewCell */,
			);
			path = TableView;
			sourceTree = "<group>";
		};
		F009C48129D3453200590291 /* TableViewCell */ = {
			isa = PBXGroup;
			children = (
				F009C48229D345B500590291 /* AgendaTableViewCell.swift */,
			);
			path = TableViewCell;
			sourceTree = "<group>";
		};
		F009C48429D369C300590291 /* AgendaViewModel */ = {
			isa = PBXGroup;
			children = (
				F009C48529D369EC00590291 /* AgendaViewModel.swift */,
			);
			path = AgendaViewModel;
			sourceTree = "<group>";
		};
		F038B96E29CB2E46002E54D2 /* Home */ = {
			isa = PBXGroup;
			children = (
				F038B97129CB30F3002E54D2 /* HomeVC */,
				F038B97029CB30DA002E54D2 /* HomeScreen */,
				F038B97229CB310E002E54D2 /* HomeViewModel */,
			);
			path = Home;
			sourceTree = "<group>";
		};
		F038B97029CB30DA002E54D2 /* HomeScreen */ = {
			isa = PBXGroup;
			children = (
				F038B96C29CB2E41002E54D2 /* HomeScreen.swift */,
			);
			path = HomeScreen;
			sourceTree = "<group>";
		};
		F038B97129CB30F3002E54D2 /* HomeVC */ = {
			isa = PBXGroup;
			children = (
				F03B76D229CB2A51007D79D7 /* HomeVC.swift */,
			);
			path = HomeVC;
			sourceTree = "<group>";
		};
		F038B97229CB310E002E54D2 /* HomeViewModel */ = {
			isa = PBXGroup;
			children = (
				F038B97329CB31AB002E54D2 /* HomeViewModel.swift */,
			);
			path = HomeViewModel;
			sourceTree = "<group>";
		};
		F038B97929CB637A002E54D2 /* Extension */ = {
			isa = PBXGroup;
			children = (
				F038B97A29CB638F002E54D2 /* Bakcground + Extension.swift */,
				F038B97C29CB6495002E54D2 /* LabelConfig + Extension.swift */,
				F038B97E29CB66A9002E54D2 /* ButtonConfig + Extension.swift */,
				F002758029CCD53D00756631 /* TextFieldConfig + Extension.swift */,
				F002758229CCDDD400756631 /* Constraints + Extension.swift */,
				F002759329D1C54F00756631 /* TableView + Extension.swift */,
			);
			path = Extension;
			sourceTree = "<group>";
		};
		F038B98029CB73C5002E54D2 /* Calculadora */ = {
			isa = PBXGroup;
			children = (
				F038B98229CB73E0002E54D2 /* CalculadoraHomeVC */,
				F038B98129CB73D5002E54D2 /* CalculadoraHomeScreen */,
				F038B98329CB73EB002E54D2 /* CalculadoraHomeViewModel */,
			);
			path = Calculadora;
			sourceTree = "<group>";
		};
		F038B98129CB73D5002E54D2 /* CalculadoraHomeScreen */ = {
			isa = PBXGroup;
			children = (
				F038B98629CB7430002E54D2 /* CalculadoraHomeScreen.swift */,
			);
			path = CalculadoraHomeScreen;
			sourceTree = "<group>";
		};
		F038B98229CB73E0002E54D2 /* CalculadoraHomeVC */ = {
			isa = PBXGroup;
			children = (
				F038B98429CB741B002E54D2 /* CalculadoraHomeVC.swift */,
			);
			path = CalculadoraHomeVC;
			sourceTree = "<group>";
		};
		F038B98329CB73EB002E54D2 /* CalculadoraHomeViewModel */ = {
			isa = PBXGroup;
			children = (
				F002757E29CCD13900756631 /* CalculadoraViewModel.swift */,
			);
			path = CalculadoraHomeViewModel;
			sourceTree = "<group>";
		};
		F03B76C229CB2A51007D79D7 = {
			isa = PBXGroup;
			children = (
				F03B76CD29CB2A51007D79D7 /* Exercicio-View-Code */,
				F03B76CC29CB2A51007D79D7 /* Products */,
			);
			sourceTree = "<group>";
		};
		F03B76CC29CB2A51007D79D7 /* Products */ = {
			isa = PBXGroup;
			children = (
				F03B76CB29CB2A51007D79D7 /* Exercicio-View-Code.app */,
			);
			name = Products;
			sourceTree = "<group>";
		};
		F03B76CD29CB2A51007D79D7 /* Exercicio-View-Code */ = {
			isa = PBXGroup;
			children = (
				F038B97929CB637A002E54D2 /* Extension */,
				F038B96E29CB2E46002E54D2 /* Home */,
				F038B98029CB73C5002E54D2 /* Calculadora */,
				F002758429D1AF4A00756631 /* Tarefas */,
				F009C47929D2FE8D00590291 /* Agenda */,
				F08CD05829E71357000B739A /* TarefasComoFazer */,
				F03B76CE29CB2A51007D79D7 /* AppDelegate.swift */,
				F03B76D029CB2A51007D79D7 /* SceneDelegate.swift */,
				F03B76D729CB2A53007D79D7 /* Assets.xcassets */,
				F03B76D929CB2A53007D79D7 /* LaunchScreen.storyboard */,
				F03B76DC29CB2A53007D79D7 /* Info.plist */,
			);
			path = "Exercicio-View-Code";
			sourceTree = "<group>";
		};
		F08CD05829E71357000B739A /* TarefasComoFazer */ = {
			isa = PBXGroup;
			children = (
				F08CD05929E7137F000B739A /* Tarefas2ViewController.swift */,
				F08CD05B29E71392000B739A /* Tarefas2Screen.swift */,
				F08CD05D29E713A7000B739A /* Tarefas2ViewModel.swift */,
				F08CD05F29E72156000B739A /* Passo a passo View Controller.txt */,
			);
			path = TarefasComoFazer;
			sourceTree = "<group>";
		};
		F0E40DE629E5EC650085ACDC /* TableViewCell */ = {
			isa = PBXGroup;
			children = (
				F0E40DE729E5ECA30085ACDC /* TarefasTableViewCell.swift */,
			);
			path = TableViewCell;
			sourceTree = "<group>";
		};
/* End PBXGroup section */

/* Begin PBXNativeTarget section */
		F03B76CA29CB2A51007D79D7 /* Exercicio-View-Code */ = {
			isa = PBXNativeTarget;
			buildConfigurationList = F03B76DF29CB2A53007D79D7 /* Build configuration list for PBXNativeTarget "Exercicio-View-Code" */;
			buildPhases = (
				F03B76C729CB2A51007D79D7 /* Sources */,
				F03B76C829CB2A51007D79D7 /* Frameworks */,
				F03B76C929CB2A51007D79D7 /* Resources */,
			);
			buildRules = (
			);
			dependencies = (
			);
			name = "Exercicio-View-Code";
			productName = "Exercicio-View-Code";
			productReference = F03B76CB29CB2A51007D79D7 /* Exercicio-View-Code.app */;
			productType = "com.apple.product-type.application";
		};
/* End PBXNativeTarget section */

/* Begin PBXProject section */
		F03B76C329CB2A51007D79D7 /* Project object */ = {
			isa = PBXProject;
			attributes = {
				BuildIndependentTargetsInParallel = 1;
				LastSwiftUpdateCheck = 1420;
				LastUpgradeCheck = 1420;
				TargetAttributes = {
					F03B76CA29CB2A51007D79D7 = {
						CreatedOnToolsVersion = 14.2;
					};
				};
			};
			buildConfigurationList = F03B76C629CB2A51007D79D7 /* Build configuration list for PBXProject "Exercicio-View-Code" */;
			compatibilityVersion = "Xcode 14.0";
			developmentRegion = en;
			hasScannedForEncodings = 0;
			knownRegions = (
				en,
				Base,
			);
			mainGroup = F03B76C229CB2A51007D79D7;
			productRefGroup = F03B76CC29CB2A51007D79D7 /* Products */;
			projectDirPath = "";
			projectRoot = "";
			targets = (
				F03B76CA29CB2A51007D79D7 /* Exercicio-View-Code */,
			);
		};
/* End PBXProject section */

/* Begin PBXResourcesBuildPhase section */
		F03B76C929CB2A51007D79D7 /* Resources */ = {
			isa = PBXResourcesBuildPhase;
			buildActionMask = 2147483647;
			files = (
				F03B76DB29CB2A53007D79D7 /* LaunchScreen.storyboard in Resources */,
				F03B76D829CB2A53007D79D7 /* Assets.xcassets in Resources */,
				F08CD06029E72156000B739A /* Passo a passo View Controller.txt in Resources */,
			);
			runOnlyForDeploymentPostprocessing = 0;
		};
/* End PBXResourcesBuildPhase section */

/* Begin PBXSourcesBuildPhase section */
		F03B76C729CB2A51007D79D7 /* Sources */ = {
			isa = PBXSourcesBuildPhase;
			buildActionMask = 2147483647;
			files = (
				F009C47D29D2FECE00590291 /* AgendaScreen.swift in Sources */,
				F038B96D29CB2E41002E54D2 /* HomeScreen.swift in Sources */,
				F038B98529CB741B002E54D2 /* CalculadoraHomeVC.swift in Sources */,
				F03B76D329CB2A51007D79D7 /* HomeVC.swift in Sources */,
				F002758D29D1B9EE00756631 /* TarefasViewModel.swift in Sources */,
				F03B76CF29CB2A51007D79D7 /* AppDelegate.swift in Sources */,
				F038B97F29CB66A9002E54D2 /* ButtonConfig + Extension.swift in Sources */,
				F08CD05C29E71392000B739A /* Tarefas2Screen.swift in Sources */,
				F009C48629D369EC00590291 /* AgendaViewModel.swift in Sources */,
				F002758329CCDDD400756631 /* Constraints + Extension.swift in Sources */,
				F038B97D29CB6495002E54D2 /* LabelConfig + Extension.swift in Sources */,
				F009C47F29D2FEF200590291 /* AgendaVC.swift in Sources */,
				F002758B29D1B9E100756631 /* TarefasScreen.swift in Sources */,
				F002758F29D1BA8400756631 /* TarefasVC.swift in Sources */,
				F08CD05A29E7137F000B739A /* Tarefas2ViewController.swift in Sources */,
				F009C48329D345B500590291 /* AgendaTableViewCell.swift in Sources */,
				F002757F29CCD13900756631 /* CalculadoraViewModel.swift in Sources */,
				F038B98729CB7430002E54D2 /* CalculadoraHomeScreen.swift in Sources */,
				F08CD05E29E713A7000B739A /* Tarefas2ViewModel.swift in Sources */,
				F0E40DE829E5ECA30085ACDC /* TarefasTableViewCell.swift in Sources */,
				F038B97429CB31AB002E54D2 /* HomeViewModel.swift in Sources */,
				F002758129CCD53D00756631 /* TextFieldConfig + Extension.swift in Sources */,
				F002759429D1C54F00756631 /* TableView + Extension.swift in Sources */,
				F03B76D129CB2A51007D79D7 /* SceneDelegate.swift in Sources */,
				F038B97B29CB638F002E54D2 /* Bakcground + Extension.swift in Sources */,
			);
			runOnlyForDeploymentPostprocessing = 0;
		};
/* End PBXSourcesBuildPhase section */

/* Begin PBXVariantGroup section */
		F03B76D929CB2A53007D79D7 /* LaunchScreen.storyboard */ = {
			isa = PBXVariantGroup;
			children = (
				F03B76DA29CB2A53007D79D7 /* Base */,
			);
			name = LaunchScreen.storyboard;
			sourceTree = "<group>";
		};
/* End PBXVariantGroup section */

/* Begin XCBuildConfiguration section */
		F03B76DD29CB2A53007D79D7 /* Debug */ = {
			isa = XCBuildConfiguration;
			buildSettings = {
				ALWAYS_SEARCH_USER_PATHS = NO;
				CLANG_ANALYZER_NONNULL = YES;
				CLANG_ANALYZER_NUMBER_OBJECT_CONVERSION = YES_AGGRESSIVE;
				CLANG_CXX_LANGUAGE_STANDARD = "gnu++20";
				CLANG_ENABLE_MODULES = YES;
				CLANG_ENABLE_OBJC_ARC = YES;
				CLANG_ENABLE_OBJC_WEAK = YES;
				CLANG_WARN_BLOCK_CAPTURE_AUTORELEASING = YES;
				CLANG_WARN_BOOL_CONVERSION = YES;
				CLANG_WARN_COMMA = YES;
				CLANG_WARN_CONSTANT_CONVERSION = YES;
				CLANG_WARN_DEPRECATED_OBJC_IMPLEMENTATIONS = YES;
				CLANG_WARN_DIRECT_OBJC_ISA_USAGE = YES_ERROR;
				CLANG_WARN_DOCUMENTATION_COMMENTS = YES;
				CLANG_WARN_EMPTY_BODY = YES;
				CLANG_WARN_ENUM_CONVERSION = YES;
				CLANG_WARN_INFINITE_RECURSION = YES;
				CLANG_WARN_INT_CONVERSION = YES;
				CLANG_WARN_NON_LITERAL_NULL_CONVERSION = YES;
				CLANG_WARN_OBJC_IMPLICIT_RETAIN_SELF = YES;
				CLANG_WARN_OBJC_LITERAL_CONVERSION = YES;
				CLANG_WARN_OBJC_ROOT_CLASS = YES_ERROR;
				CLANG_WARN_QUOTED_INCLUDE_IN_FRAMEWORK_HEADER = YES;
				CLANG_WARN_RANGE_LOOP_ANALYSIS = YES;
				CLANG_WARN_STRICT_PROTOTYPES = YES;
				CLANG_WARN_SUSPICIOUS_MOVE = YES;
				CLANG_WARN_UNGUARDED_AVAILABILITY = YES_AGGRESSIVE;
				CLANG_WARN_UNREACHABLE_CODE = YES;
				CLANG_WARN__DUPLICATE_METHOD_MATCH = YES;
				COPY_PHASE_STRIP = NO;
				DEBUG_INFORMATION_FORMAT = dwarf;
				ENABLE_STRICT_OBJC_MSGSEND = YES;
				ENABLE_TESTABILITY = YES;
				GCC_C_LANGUAGE_STANDARD = gnu11;
				GCC_DYNAMIC_NO_PIC = NO;
				GCC_NO_COMMON_BLOCKS = YES;
				GCC_OPTIMIZATION_LEVEL = 0;
				GCC_PREPROCESSOR_DEFINITIONS = (
					"DEBUG=1",
					"$(inherited)",
				);
				GCC_WARN_64_TO_32_BIT_CONVERSION = YES;
				GCC_WARN_ABOUT_RETURN_TYPE = YES_ERROR;
				GCC_WARN_UNDECLARED_SELECTOR = YES;
				GCC_WARN_UNINITIALIZED_AUTOS = YES_AGGRESSIVE;
				GCC_WARN_UNUSED_FUNCTION = YES;
				GCC_WARN_UNUSED_VARIABLE = YES;
				IPHONEOS_DEPLOYMENT_TARGET = 16.2;
				MTL_ENABLE_DEBUG_INFO = INCLUDE_SOURCE;
				MTL_FAST_MATH = YES;
				ONLY_ACTIVE_ARCH = YES;
				SDKROOT = iphoneos;
				SWIFT_ACTIVE_COMPILATION_CONDITIONS = DEBUG;
				SWIFT_OPTIMIZATION_LEVEL = "-Onone";
			};
			name = Debug;
		};
		F03B76DE29CB2A53007D79D7 /* Release */ = {
			isa = XCBuildConfiguration;
			buildSettings = {
				ALWAYS_SEARCH_USER_PATHS = NO;
				CLANG_ANALYZER_NONNULL = YES;
				CLANG_ANALYZER_NUMBER_OBJECT_CONVERSION = YES_AGGRESSIVE;
				CLANG_CXX_LANGUAGE_STANDARD = "gnu++20";
				CLANG_ENABLE_MODULES = YES;
				CLANG_ENABLE_OBJC_ARC = YES;
				CLANG_ENABLE_OBJC_WEAK = YES;
				CLANG_WARN_BLOCK_CAPTURE_AUTORELEASING = YES;
				CLANG_WARN_BOOL_CONVERSION = YES;
				CLANG_WARN_COMMA = YES;
				CLANG_WARN_CONSTANT_CONVERSION = YES;
				CLANG_WARN_DEPRECATED_OBJC_IMPLEMENTATIONS = YES;
				CLANG_WARN_DIRECT_OBJC_ISA_USAGE = YES_ERROR;
				CLANG_WARN_DOCUMENTATION_COMMENTS = YES;
				CLANG_WARN_EMPTY_BODY = YES;
				CLANG_WARN_ENUM_CONVERSION = YES;
				CLANG_WARN_INFINITE_RECURSION = YES;
				CLANG_WARN_INT_CONVERSION = YES;
				CLANG_WARN_NON_LITERAL_NULL_CONVERSION = YES;
				CLANG_WARN_OBJC_IMPLICIT_RETAIN_SELF = YES;
				CLANG_WARN_OBJC_LITERAL_CONVERSION = YES;
				CLANG_WARN_OBJC_ROOT_CLASS = YES_ERROR;
				CLANG_WARN_QUOTED_INCLUDE_IN_FRAMEWORK_HEADER = YES;
				CLANG_WARN_RANGE_LOOP_ANALYSIS = YES;
				CLANG_WARN_STRICT_PROTOTYPES = YES;
				CLANG_WARN_SUSPICIOUS_MOVE = YES;
				CLANG_WARN_UNGUARDED_AVAILABILITY = YES_AGGRESSIVE;
				CLANG_WARN_UNREACHABLE_CODE = YES;
				CLANG_WARN__DUPLICATE_METHOD_MATCH = YES;
				COPY_PHASE_STRIP = NO;
				DEBUG_INFORMATION_FORMAT = "dwarf-with-dsym";
				ENABLE_NS_ASSERTIONS = NO;
				ENABLE_STRICT_OBJC_MSGSEND = YES;
				GCC_C_LANGUAGE_STANDARD = gnu11;
				GCC_NO_COMMON_BLOCKS = YES;
				GCC_WARN_64_TO_32_BIT_CONVERSION = YES;
				GCC_WARN_ABOUT_RETURN_TYPE = YES_ERROR;
				GCC_WARN_UNDECLARED_SELECTOR = YES;
				GCC_WARN_UNINITIALIZED_AUTOS = YES_AGGRESSIVE;
				GCC_WARN_UNUSED_FUNCTION = YES;
				GCC_WARN_UNUSED_VARIABLE = YES;
				IPHONEOS_DEPLOYMENT_TARGET = 16.2;
				MTL_ENABLE_DEBUG_INFO = NO;
				MTL_FAST_MATH = YES;
				SDKROOT = iphoneos;
				SWIFT_COMPILATION_MODE = wholemodule;
				SWIFT_OPTIMIZATION_LEVEL = "-O";
				VALIDATE_PRODUCT = YES;
			};
			name = Release;
		};
		F03B76E029CB2A53007D79D7 /* Debug */ = {
			isa = XCBuildConfiguration;
			buildSettings = {
				ASSETCATALOG_COMPILER_APPICON_NAME = AppIcon;
				ASSETCATALOG_COMPILER_GLOBAL_ACCENT_COLOR_NAME = AccentColor;
				CODE_SIGN_STYLE = Automatic;
				CURRENT_PROJECT_VERSION = 1;
				DEVELOPMENT_TEAM = MBMQ7W76MF;
				GENERATE_INFOPLIST_FILE = YES;
				INFOPLIST_FILE = "Exercicio-View-Code/Info.plist";
				INFOPLIST_KEY_UIApplicationSupportsIndirectInputEvents = YES;
				INFOPLIST_KEY_UILaunchStoryboardName = LaunchScreen;
				INFOPLIST_KEY_UIMainStoryboardFile = "";
				INFOPLIST_KEY_UISupportedInterfaceOrientations_iPad = "UIInterfaceOrientationPortrait UIInterfaceOrientationPortraitUpsideDown UIInterfaceOrientationLandscapeLeft UIInterfaceOrientationLandscapeRight";
				INFOPLIST_KEY_UISupportedInterfaceOrientations_iPhone = "UIInterfaceOrientationPortrait UIInterfaceOrientationLandscapeLeft UIInterfaceOrientationLandscapeRight";
				LD_RUNPATH_SEARCH_PATHS = (
					"$(inherited)",
					"@executable_path/Frameworks",
				);
				MARKETING_VERSION = 1.0;
				PRODUCT_BUNDLE_IDENTIFIER = "br.com.celiofs7.Exercicio-View-Code";
				PRODUCT_NAME = "$(TARGET_NAME)";
				SWIFT_EMIT_LOC_STRINGS = YES;
				SWIFT_VERSION = 5.0;
				TARGETED_DEVICE_FAMILY = "1,2";
			};
			name = Debug;
		};
		F03B76E129CB2A53007D79D7 /* Release */ = {
			isa = XCBuildConfiguration;
			buildSettings = {
				ASSETCATALOG_COMPILER_APPICON_NAME = AppIcon;
				ASSETCATALOG_COMPILER_GLOBAL_ACCENT_COLOR_NAME = AccentColor;
				CODE_SIGN_STYLE = Automatic;
				CURRENT_PROJECT_VERSION = 1;
				DEVELOPMENT_TEAM = MBMQ7W76MF;
				GENERATE_INFOPLIST_FILE = YES;
				INFOPLIST_FILE = "Exercicio-View-Code/Info.plist";
				INFOPLIST_KEY_UIApplicationSupportsIndirectInputEvents = YES;
				INFOPLIST_KEY_UILaunchStoryboardName = LaunchScreen;
				INFOPLIST_KEY_UIMainStoryboardFile = "";
				INFOPLIST_KEY_UISupportedInterfaceOrientations_iPad = "UIInterfaceOrientationPortrait UIInterfaceOrientationPortraitUpsideDown UIInterfaceOrientationLandscapeLeft UIInterfaceOrientationLandscapeRight";
				INFOPLIST_KEY_UISupportedInterfaceOrientations_iPhone = "UIInterfaceOrientationPortrait UIInterfaceOrientationLandscapeLeft UIInterfaceOrientationLandscapeRight";
				LD_RUNPATH_SEARCH_PATHS = (
					"$(inherited)",
					"@executable_path/Frameworks",
				);
				MARKETING_VERSION = 1.0;
				PRODUCT_BUNDLE_IDENTIFIER = "br.com.celiofs7.Exercicio-View-Code";
				PRODUCT_NAME = "$(TARGET_NAME)";
				SWIFT_EMIT_LOC_STRINGS = YES;
				SWIFT_VERSION = 5.0;
				TARGETED_DEVICE_FAMILY = "1,2";
			};
			name = Release;
		};
/* End XCBuildConfiguration section */

/* Begin XCConfigurationList section */
		F03B76C629CB2A51007D79D7 /* Build configuration list for PBXProject "Exercicio-View-Code" */ = {
			isa = XCConfigurationList;
			buildConfigurations = (
				F03B76DD29CB2A53007D79D7 /* Debug */,
				F03B76DE29CB2A53007D79D7 /* Release */,
			);
			defaultConfigurationIsVisible = 0;
			defaultConfigurationName = Release;
		};
		F03B76DF29CB2A53007D79D7 /* Build configuration list for PBXNativeTarget "Exercicio-View-Code" */ = {
			isa = XCConfigurationList;
			buildConfigurations = (
				F03B76E029CB2A53007D79D7 /* Debug */,
				F03B76E129CB2A53007D79D7 /* Release */,
			);
			defaultConfigurationIsVisible = 0;
			defaultConfigurationName = Release;
		};
/* End XCConfigurationList section */
	};
	rootObject = F03B76C329CB2A51007D79D7 /* Project object */;
}
